
Microsoft Visual Studio Solution File, Format Version 12.00
# Visual Studio Version 16
VisualStudioVersion = 16.0.31205.134
MinimumVisualStudioVersion = 10.0.40219.1
Project("{FAE04EC0-301F-11D3-BF4B-00C04F79EFBC}") = "DesignPatternTP", "DesignPatternTP.csproj", "{FAAAC489-38E4-4D94-A6FB-47E279FF9916}"
EndProject
Global
	GlobalSection(SolutionConfigurationPlatforms) = preSolution
		Debug|Any CPU = Debug|Any CPU
		Release|Any CPU = Release|Any CPU
	EndGlobalSection
	GlobalSection(ProjectConfigurationPlatforms) = postSolution
		{FAAAC489-38E4-4D94-A6FB-47E279FF9916}.Debug|Any CPU.ActiveCfg = Debug|Any CPU
		{FAAAC489-38E4-4D94-A6FB-47E279FF9916}.Debug|Any CPU.Build.0 = Debug|Any CPU
		{FAAAC489-38E4-4D94-A6FB-47E279FF9916}.Release|Any CPU.ActiveCfg = Release|Any CPU
		{FAAAC489-38E4-4D94-A6FB-47E279FF9916}.Release|Any CPU.Build.0 = Release|Any CPU
	EndGlobalSection
	GlobalSection(SolutionProperties) = preSolution
		HideSolutionNode = FALSE
	EndGlobalSection
	GlobalSection(ExtensibilityGlobals) = postSolution
		SolutionGuid = {64CEFBD5-F960-423A-B55A-725BF0C5FE6F}
	EndGlobalSection
EndGlobal
